{
  "originHash" : "0fe163e541df7a264b209dceebefee01339f732a94b12204ab304bebe312ce74",
  "pins" : [
    {
      "identity" : "continuumkit",
      "kind" : "remoteSourceControl",
      "location" : "https://github.com/emmettl/ContinuumKit.git",
      "state" : {
        "revision" : "0e0929f4a0806940ed2fc5be5f81d1a82034cc8c",
        "version" : "0.1.0-alpha.18"
      }
    }
  ],
  "version" : 3
}
