{
  "originHash" : "7eb2dad61f164f24994a6dfce4f6361d554cec1387bbb2727a336ac0efe0f374",
  "pins" : [
    {
      "identity" : "continuumkit",
      "kind" : "remoteSourceControl",
      "location" : "https://github.com/emmettl/ContinuumKit.git",
      "state" : {
        "revision" : "72dae5da882774ef9739d27c06c4a06a9c8ea66d",
        "version" : "0.1.0-alpha.11"
      }
    }
  ],
  "version" : 3
}
