{
  "originHash" : "4cdec64827a9b253e62c1a3d42edf3de284594ea9353649a8754858eab15b53d",
  "pins" : [
    {
      "identity" : "continuumkit",
      "kind" : "remoteSourceControl",
      "location" : "https://github.com/emmettl/ContinuumKit.git",
      "state" : {
        "revision" : "e94d329c55495ca561306174d624eadf5c8e7da0",
        "version" : "0.1.0-alpha.17"
      }
    }
  ],
  "version" : 3
}
